
Microsoft Visual Studio Solution File, Format Version 12.00
# Visual Studio 15
VisualStudioVersion = 15.0.27703.2047
MinimumVisualStudioVersion = 10.0.40219.1
Project("{FAE04EC0-301F-11D3-BF4B-00C04F79EFBC}") = "Лаба 1", "Лаба 1\Лаба 1.csproj", "{83854D3D-9955-441B-9202-B32882C8980B}"
EndProject
Global
	GlobalSection(SolutionConfigurationPlatforms) = preSolution
		Debug|Any CPU = Debug|Any CPU
		Release|Any CPU = Release|Any CPU
	EndGlobalSection
	GlobalSection(ProjectConfigurationPlatforms) = postSolution
		{83854D3D-9955-441B-9202-B32882C8980B}.Debug|Any CPU.ActiveCfg = Debug|Any CPU
		{83854D3D-9955-441B-9202-B32882C8980B}.Debug|Any CPU.Build.0 = Debug|Any CPU
		{83854D3D-9955-441B-9202-B32882C8980B}.Release|Any CPU.ActiveCfg = Release|Any CPU
		{83854D3D-9955-441B-9202-B32882C8980B}.Release|Any CPU.Build.0 = Release|Any CPU
	EndGlobalSection
	GlobalSection(SolutionProperties) = preSolution
		HideSolutionNode = FALSE
	EndGlobalSection
	GlobalSection(ExtensibilityGlobals) = postSolution
		SolutionGuid = {087200ED-5EB9-4A9E-A3D4-8284DE4BEF0C}
	EndGlobalSection
EndGlobal
